{
  "object": {
    "pins": [
      {
        "package": "RCPreviewKit",
        "repositoryURL": "https://github.com/raduncicen/RCPreviewKit",
        "state": {
          "branch": null,
          "revision": "ce66ec42849e7a26a0e0f538675892b7d9baf64d",
          "version": "1.0.0"
        }
      }
    ]
  },
  "version": 1
}
